
Microsoft Visual Studio Solution File, Format Version 12.00
# Visual Studio Version 16
VisualStudioVersion = 16.0.29905.134
MinimumVisualStudioVersion = 10.0.40219.1
Project("{FAE04EC0-301F-11D3-BF4B-00C04F79EFBC}") = "NetWorkState", "NetWorkState\NetWorkState.csproj", "{7BE058EA-19C6-4B42-8C06-50777091CC34}"
EndProject
Global
	GlobalSection(SolutionConfigurationPlatforms) = preSolution
		Debug|Any CPU = Debug|Any CPU
		Release|Any CPU = Release|Any CPU
	EndGlobalSection
	GlobalSection(ProjectConfigurationPlatforms) = postSolution
		{7BE058EA-19C6-4B42-8C06-50777091CC34}.Debug|Any CPU.ActiveCfg = Debug|Any CPU
		{7BE058EA-19C6-4B42-8C06-50777091CC34}.Debug|Any CPU.Build.0 = Debug|Any CPU
		{7BE058EA-19C6-4B42-8C06-50777091CC34}.Release|Any CPU.ActiveCfg = Release|Any CPU
		{7BE058EA-19C6-4B42-8C06-50777091CC34}.Release|Any CPU.Build.0 = Release|Any CPU
	EndGlobalSection
	GlobalSection(SolutionProperties) = preSolution
		HideSolutionNode = FALSE
	EndGlobalSection
	GlobalSection(ExtensibilityGlobals) = postSolution
		SolutionGuid = {B2CE4426-B125-4E6B-A273-E9CB439364B6}
	EndGlobalSection
EndGlobal
